
Microsoft Visual Studio Solution File, Format Version 12.00
# Visual Studio 14
VisualStudioVersion = 14.0.23107.0
MinimumVisualStudioVersion = 10.0.40219.1
Project("{FAE04EC0-301F-11D3-BF4B-00C04F79EFBC}") = "Demo_CSharp6", "Demo_CSharp6\Demo_CSharp6.csproj", "{E2CDA1DF-347D-4FE4-B4FB-2FD914C97C7C}"
EndProject
Project("{FAE04EC0-301F-11D3-BF4B-00C04F79EFBC}") = "Demo_CSharp5", "Demo_CSharp5\Demo_CSharp5.csproj", "{186A4FF4-C38E-4A12-B35B-0FD2DB9560BD}"
EndProject
Project("{FAE04EC0-301F-11D3-BF4B-00C04F79EFBC}") = "DemoExtensionMethods", "DemoExtensionMethods\DemoExtensionMethods.csproj", "{1EDD207B-2275-4314-84D8-49B7CD6A0160}"
EndProject
Global
	GlobalSection(SolutionConfigurationPlatforms) = preSolution
		Debug|Any CPU = Debug|Any CPU
		Release|Any CPU = Release|Any CPU
	EndGlobalSection
	GlobalSection(ProjectConfigurationPlatforms) = postSolution
		{E2CDA1DF-347D-4FE4-B4FB-2FD914C97C7C}.Debug|Any CPU.ActiveCfg = Debug|Any CPU
		{E2CDA1DF-347D-4FE4-B4FB-2FD914C97C7C}.Debug|Any CPU.Build.0 = Debug|Any CPU
		{E2CDA1DF-347D-4FE4-B4FB-2FD914C97C7C}.Release|Any CPU.ActiveCfg = Release|Any CPU
		{E2CDA1DF-347D-4FE4-B4FB-2FD914C97C7C}.Release|Any CPU.Build.0 = Release|Any CPU
		{186A4FF4-C38E-4A12-B35B-0FD2DB9560BD}.Debug|Any CPU.ActiveCfg = Debug|Any CPU
		{186A4FF4-C38E-4A12-B35B-0FD2DB9560BD}.Debug|Any CPU.Build.0 = Debug|Any CPU
		{186A4FF4-C38E-4A12-B35B-0FD2DB9560BD}.Release|Any CPU.ActiveCfg = Release|Any CPU
		{186A4FF4-C38E-4A12-B35B-0FD2DB9560BD}.Release|Any CPU.Build.0 = Release|Any CPU
		{1EDD207B-2275-4314-84D8-49B7CD6A0160}.Debug|Any CPU.ActiveCfg = Debug|Any CPU
		{1EDD207B-2275-4314-84D8-49B7CD6A0160}.Debug|Any CPU.Build.0 = Debug|Any CPU
		{1EDD207B-2275-4314-84D8-49B7CD6A0160}.Release|Any CPU.ActiveCfg = Release|Any CPU
		{1EDD207B-2275-4314-84D8-49B7CD6A0160}.Release|Any CPU.Build.0 = Release|Any CPU
	EndGlobalSection
	GlobalSection(SolutionProperties) = preSolution
		HideSolutionNode = FALSE
	EndGlobalSection
EndGlobal
